{
  "name": "valid-domains",
  "version": "1.0.0",
  "lockfileVersion": 1,
  "requires": true,
  "dependencies": {
    "is-valid-domain": {
      "version": "0.0.19",
      "resolved": "https://registry.npmjs.org/is-valid-domain/-/is-valid-domain-0.0.19.tgz",
      "integrity": "sha512-NxuZbJABXdGlFNEVphG9bT0YOQE0B75Bv+emGsEjmRnAs9aMUVbdKUafj//yTxApThjqQqRKBd9MJDlnqx8Pmg==",
      "requires": {
        "punycode": "^1.4.1"
      }
    },
    "punycode": {
      "version": "1.4.1",
      "resolved": "https://registry.npmjs.org/punycode/-/punycode-1.4.1.tgz",
      "integrity": "sha1-wNWmOycYgArY4esPpSachN1BhF4="
    }
  }
}
